PODS:
  - Alamofire (1.3.0)
  - SwiftyJSON (2.2.0)

DEPENDENCIES:
  - Alamofire (from `https://github.com/Alamofire/Alamofire.git`, branch `swift-2.0`)
  - SwiftyJSON (from `https://github.com/SwiftyJSON/SwiftyJSON.git`, branch `xcode7`)

EXTERNAL SOURCES:
  Alamofire:
    :branch: swift-2.0
    :git: https://github.com/Alamofire/Alamofire.git
  SwiftyJSON:
    :branch: xcode7
    :git: https://github.com/SwiftyJSON/SwiftyJSON.git

CHECKOUT OPTIONS:
  Alamofire:
    :commit: 94d1128810e497558cea90c7bfc5ecabc42817a3
    :git: https://github.com/Alamofire/Alamofire.git
  SwiftyJSON:
    :commit: 999ae8340492d6e9b42f28f332cbd591509de079
    :git: https://github.com/SwiftyJSON/SwiftyJSON.git

SPEC CHECKSUMS:
  Alamofire: e57db85401895fda01783b3b9bda5b32d9f347ff
  SwiftyJSON: 0b3e6c07af17ff745e77e8e9984097b55c956e5c

COCOAPODS: 0.38.2
