PODS:
  - Alamofire (3.3.1)
  - SwiftyJSON (2.3.2)

DEPENDENCIES:
  - Alamofire
  - SwiftyJSON

SPEC CHECKSUMS:
  Alamofire: 369bc67b6f5ac33ded3648d7bd21c5bfb91c2ecc
  SwiftyJSON: 04ccea08915aa0109039157c7974cf0298da292a

PODFILE CHECKSUM: 1b12dc5553f32cbc967134d95191a0a24751688b

COCOAPODS: 1.0.0.beta.6
